// !$*UTF8*$!
{
	archiveVersion = 1;
	classes = {
	};
	objectVersion = 55;
	objects = {

/* Begin PBXBuildFile section */
		B9C506ED28C674C0009C1096 /* SwiftCalApp.swift in Sources */ = {isa = PBXBuildFile; fileRef = B9C506EC28C674C0009C1096 /* SwiftCalApp.swift */; };
		B9C506EF28C674C0009C1096 /* CalendarView.swift in Sources */ = {isa = PBXBuildFile; fileRef = B9C506EE28C674C0009C1096 /* CalendarView.swift */; };
		B9C506F128C674C2009C1096 /* Assets.xcassets in Resources */ = {isa = PBXBuildFile; fileRef = B9C506F028C674C2009C1096 /* Assets.xcassets */; };
		B9C506F428C674C2009C1096 /* Preview Assets.xcassets in Resources */ = {isa = PBXBuildFile; fileRef = B9C506F328C674C2009C1096 /* Preview Assets.xcassets */; };
		B9C506F628C674C2009C1096 /* Persistence.swift in Sources */ = {isa = PBXBuildFile; fileRef = B9C506F528C674C2009C1096 /* Persistence.swift */; };
		B9C506F928C674C2009C1096 /* SwiftCal.xcdatamodeld in Sources */ = {isa = PBXBuildFile; fileRef = B9C506F728C674C2009C1096 /* SwiftCal.xcdatamodeld */; };
		B9D329DF28CCE54A00856877 /* Date+Ext.swift in Sources */ = {isa = PBXBuildFile; fileRef = B9D329DE28CCE54A00856877 /* Date+Ext.swift */; };
		B9D329E128CCFAFC00856877 /* StreakView.swift in Sources */ = {isa = PBXBuildFile; fileRef = B9D329E028CCFAFC00856877 /* StreakView.swift */; };
		B9D329E928CD02DA00856877 /* WidgetKit.framework in Frameworks */ = {isa = PBXBuildFile; fileRef = B9D329E828CD02DA00856877 /* WidgetKit.framework */; };
		B9D329EB28CD02DA00856877 /* SwiftUI.framework in Frameworks */ = {isa = PBXBuildFile; fileRef = B9D329EA28CD02DA00856877 /* SwiftUI.framework */; };
		B9D329EE28CD02DA00856877 /* SwiftCalWidgetExtension.swift in Sources */ = {isa = PBXBuildFile; fileRef = B9D329ED28CD02DA00856877 /* SwiftCalWidgetExtension.swift */; };
		B9D329F028CD02DC00856877 /* Assets.xcassets in Resources */ = {isa = PBXBuildFile; fileRef = B9D329EF28CD02DC00856877 /* Assets.xcassets */; };
		B9D329F428CD02DC00856877 /* SwiftCalWidgetExtensionExtension.appex in Embed App Extensions */ = {isa = PBXBuildFile; fileRef = B9D329E628CD02DA00856877 /* SwiftCalWidgetExtensionExtension.appex */; settings = {ATTRIBUTES = (RemoveHeadersOnCopy, ); }; };
		B9D329FC28CDC34B00856877 /* CalendarHeaderView.swift in Sources */ = {isa = PBXBuildFile; fileRef = B9D329FB28CDC34B00856877 /* CalendarHeaderView.swift */; };
		B9D329FD28CDC39300856877 /* CalendarHeaderView.swift in Sources */ = {isa = PBXBuildFile; fileRef = B9D329FB28CDC34B00856877 /* CalendarHeaderView.swift */; };
		B9D329FE28CDC6B400856877 /* SwiftCal.xcdatamodeld in Sources */ = {isa = PBXBuildFile; fileRef = B9C506F728C674C2009C1096 /* SwiftCal.xcdatamodeld */; };
		B9D32A0028CDC7F500856877 /* Date+Ext.swift in Sources */ = {isa = PBXBuildFile; fileRef = B9D329DE28CCE54A00856877 /* Date+Ext.swift */; };
		B9D32A0128CDC8A600856877 /* Persistence.swift in Sources */ = {isa = PBXBuildFile; fileRef = B9C506F528C674C2009C1096 /* Persistence.swift */; };
/* End PBXBuildFile section */

/* Begin PBXContainerItemProxy section */
		B9D329F228CD02DC00856877 /* PBXContainerItemProxy */ = {
			isa = PBXContainerItemProxy;
			containerPortal = B9C506E128C674C0009C1096 /* Project object */;
			proxyType = 1;
			remoteGlobalIDString = B9D329E528CD02DA00856877;
			remoteInfo = SwiftCalWidgetExtensionExtension;
		};
/* End PBXContainerItemProxy section */

/* Begin PBXCopyFilesBuildPhase section */
		B9D329F828CD02DC00856877 /* Embed App Extensions */ = {
			isa = PBXCopyFilesBuildPhase;
			buildActionMask = 2147483647;
			dstPath = "";
			dstSubfolderSpec = 13;
			files = (
				B9D329F428CD02DC00856877 /* SwiftCalWidgetExtensionExtension.appex in Embed App Extensions */,
			);
			name = "Embed App Extensions";
			runOnlyForDeploymentPostprocessing = 0;
		};
/* End PBXCopyFilesBuildPhase section */

/* Begin PBXFileReference section */
		B9C506E928C674C0009C1096 /* SwiftCal.app */ = {isa = PBXFileReference; explicitFileType = wrapper.application; includeInIndex = 0; path = SwiftCal.app; sourceTree = BUILT_PRODUCTS_DIR; };
		B9C506EC28C674C0009C1096 /* SwiftCalApp.swift */ = {isa = PBXFileReference; lastKnownFileType = sourcecode.swift; path = SwiftCalApp.swift; sourceTree = "<group>"; };
		B9C506EE28C674C0009C1096 /* CalendarView.swift */ = {isa = PBXFileReference; lastKnownFileType = sourcecode.swift; path = CalendarView.swift; sourceTree = "<group>"; };
		B9C506F028C674C2009C1096 /* Assets.xcassets */ = {isa = PBXFileReference; lastKnownFileType = folder.assetcatalog; path = Assets.xcassets; sourceTree = "<group>"; };
		B9C506F328C674C2009C1096 /* Preview Assets.xcassets */ = {isa = PBXFileReference; lastKnownFileType = folder.assetcatalog; path = "Preview Assets.xcassets"; sourceTree = "<group>"; };
		B9C506F528C674C2009C1096 /* Persistence.swift */ = {isa = PBXFileReference; lastKnownFileType = sourcecode.swift; path = Persistence.swift; sourceTree = "<group>"; };
		B9C506F828C674C2009C1096 /* SwiftCal.xcdatamodel */ = {isa = PBXFileReference; lastKnownFileType = wrapper.xcdatamodel; path = SwiftCal.xcdatamodel; sourceTree = "<group>"; };
		B9D329DE28CCE54A00856877 /* Date+Ext.swift */ = {isa = PBXFileReference; lastKnownFileType = sourcecode.swift; path = "Date+Ext.swift"; sourceTree = "<group>"; };
		B9D329E028CCFAFC00856877 /* StreakView.swift */ = {isa = PBXFileReference; lastKnownFileType = sourcecode.swift; path = StreakView.swift; sourceTree = "<group>"; };
		B9D329E628CD02DA00856877 /* SwiftCalWidgetExtensionExtension.appex */ = {isa = PBXFileReference; explicitFileType = "wrapper.app-extension"; includeInIndex = 0; path = SwiftCalWidgetExtensionExtension.appex; sourceTree = BUILT_PRODUCTS_DIR; };
		B9D329E828CD02DA00856877 /* WidgetKit.framework */ = {isa = PBXFileReference; lastKnownFileType = wrapper.framework; name = WidgetKit.framework; path = System/Library/Frameworks/WidgetKit.framework; sourceTree = SDKROOT; };
		B9D329EA28CD02DA00856877 /* SwiftUI.framework */ = {isa = PBXFileReference; lastKnownFileType = wrapper.framework; name = SwiftUI.framework; path = System/Library/Frameworks/SwiftUI.framework; sourceTree = SDKROOT; };
		B9D329ED28CD02DA00856877 /* SwiftCalWidgetExtension.swift */ = {isa = PBXFileReference; lastKnownFileType = sourcecode.swift; path = SwiftCalWidgetExtension.swift; sourceTree = "<group>"; };
		B9D329EF28CD02DC00856877 /* Assets.xcassets */ = {isa = PBXFileReference; lastKnownFileType = folder.assetcatalog; path = Assets.xcassets; sourceTree = "<group>"; };
		B9D329F128CD02DC00856877 /* Info.plist */ = {isa = PBXFileReference; lastKnownFileType = text.plist.xml; path = Info.plist; sourceTree = "<group>"; };
		B9D329F928CD033600856877 /* SwiftCal.entitlements */ = {isa = PBXFileReference; lastKnownFileType = text.plist.entitlements; path = SwiftCal.entitlements; sourceTree = "<group>"; };
		B9D329FA28CD038900856877 /* SwiftCalWidgetExtensionExtension.entitlements */ = {isa = PBXFileReference; lastKnownFileType = text.plist.entitlements; path = SwiftCalWidgetExtensionExtension.entitlements; sourceTree = "<group>"; };
		B9D329FB28CDC34B00856877 /* CalendarHeaderView.swift */ = {isa = PBXFileReference; lastKnownFileType = sourcecode.swift; path = CalendarHeaderView.swift; sourceTree = "<group>"; };
/* End PBXFileReference section */

/* Begin PBXFrameworksBuildPhase section */
		B9C506E628C674C0009C1096 /* Frameworks */ = {
			isa = PBXFrameworksBuildPhase;
			buildActionMask = 2147483647;
			files = (
			);
			runOnlyForDeploymentPostprocessing = 0;
		};
		B9D329E328CD02DA00856877 /* Frameworks */ = {
			isa = PBXFrameworksBuildPhase;
			buildActionMask = 2147483647;
			files = (
				B9D329EB28CD02DA00856877 /* SwiftUI.framework in Frameworks */,
				B9D329E928CD02DA00856877 /* WidgetKit.framework in Frameworks */,
			);
			runOnlyForDeploymentPostprocessing = 0;
		};
/* End PBXFrameworksBuildPhase section */

/* Begin PBXGroup section */
		B9C506E028C674C0009C1096 = {
			isa = PBXGroup;
			children = (
				B9D329FA28CD038900856877 /* SwiftCalWidgetExtensionExtension.entitlements */,
				B9C506EB28C674C0009C1096 /* SwiftCal */,
				B9D329EC28CD02DA00856877 /* SwiftCalWidgetExtension */,
				B9D329E728CD02DA00856877 /* Frameworks */,
				B9C506EA28C674C0009C1096 /* Products */,
			);
			sourceTree = "<group>";
		};
		B9C506EA28C674C0009C1096 /* Products */ = {
			isa = PBXGroup;
			children = (
				B9C506E928C674C0009C1096 /* SwiftCal.app */,
				B9D329E628CD02DA00856877 /* SwiftCalWidgetExtensionExtension.appex */,
			);
			name = Products;
			sourceTree = "<group>";
		};
		B9C506EB28C674C0009C1096 /* SwiftCal */ = {
			isa = PBXGroup;
			children = (
				B9D329F928CD033600856877 /* SwiftCal.entitlements */,
				B9C506EC28C674C0009C1096 /* SwiftCalApp.swift */,
				B9C506EE28C674C0009C1096 /* CalendarView.swift */,
				B9C506F028C674C2009C1096 /* Assets.xcassets */,
				B9C506F528C674C2009C1096 /* Persistence.swift */,
				B9C506F728C674C2009C1096 /* SwiftCal.xcdatamodeld */,
				B9C506F228C674C2009C1096 /* Preview Content */,
				B9D329DE28CCE54A00856877 /* Date+Ext.swift */,
				B9D329E028CCFAFC00856877 /* StreakView.swift */,
				B9D329FB28CDC34B00856877 /* CalendarHeaderView.swift */,
			);
			path = SwiftCal;
			sourceTree = "<group>";
		};
		B9C506F228C674C2009C1096 /* Preview Content */ = {
			isa = PBXGroup;
			children = (
				B9C506F328C674C2009C1096 /* Preview Assets.xcassets */,
			);
			path = "Preview Content";
			sourceTree = "<group>";
		};
		B9D329E728CD02DA00856877 /* Frameworks */ = {
			isa = PBXGroup;
			children = (
				B9D329E828CD02DA00856877 /* WidgetKit.framework */,
				B9D329EA28CD02DA00856877 /* SwiftUI.framework */,
			);
			name = Frameworks;
			sourceTree = "<group>";
		};
		B9D329EC28CD02DA00856877 /* SwiftCalWidgetExtension */ = {
			isa = PBXGroup;
			children = (
				B9D329ED28CD02DA00856877 /* SwiftCalWidgetExtension.swift */,
				B9D329EF28CD02DC00856877 /* Assets.xcassets */,
				B9D329F128CD02DC00856877 /* Info.plist */,
			);
			path = SwiftCalWidgetExtension;
			sourceTree = "<group>";
		};
/* End PBXGroup section */

/* Begin PBXNativeTarget section */
		B9C506E828C674C0009C1096 /* SwiftCal */ = {
			isa = PBXNativeTarget;
			buildConfigurationList = B9C506FC28C674C2009C1096 /* Build configuration list for PBXNativeTarget "SwiftCal" */;
			buildPhases = (
				B9C506E528C674C0009C1096 /* Sources */,
				B9C506E628C674C0009C1096 /* Frameworks */,
				B9C506E728C674C0009C1096 /* Resources */,
				B9D329F828CD02DC00856877 /* Embed App Extensions */,
			);
			buildRules = (
			);
			dependencies = (
				B9D329F328CD02DC00856877 /* PBXTargetDependency */,
			);
			name = SwiftCal;
			productName = SwiftCal;
			productReference = B9C506E928C674C0009C1096 /* SwiftCal.app */;
			productType = "com.apple.product-type.application";
		};
		B9D329E528CD02DA00856877 /* SwiftCalWidgetExtensionExtension */ = {
			isa = PBXNativeTarget;
			buildConfigurationList = B9D329F528CD02DC00856877 /* Build configuration list for PBXNativeTarget "SwiftCalWidgetExtensionExtension" */;
			buildPhases = (
				B9D329E228CD02DA00856877 /* Sources */,
				B9D329E328CD02DA00856877 /* Frameworks */,
				B9D329E428CD02DA00856877 /* Resources */,
			);
			buildRules = (
			);
			dependencies = (
			);
			name = SwiftCalWidgetExtensionExtension;
			productName = SwiftCalWidgetExtensionExtension;
			productReference = B9D329E628CD02DA00856877 /* SwiftCalWidgetExtensionExtension.appex */;
			productType = "com.apple.product-type.app-extension";
		};
/* End PBXNativeTarget section */

/* Begin PBXProject section */
		B9C506E128C674C0009C1096 /* Project object */ = {
			isa = PBXProject;
			attributes = {
				BuildIndependentTargetsInParallel = 1;
				LastSwiftUpdateCheck = 1340;
				LastUpgradeCheck = 1340;
				TargetAttributes = {
					B9C506E828C674C0009C1096 = {
						CreatedOnToolsVersion = 13.4.1;
					};
					B9D329E528CD02DA00856877 = {
						CreatedOnToolsVersion = 13.4.1;
					};
				};
			};
			buildConfigurationList = B9C506E428C674C0009C1096 /* Build configuration list for PBXProject "SwiftCal" */;
			compatibilityVersion = "Xcode 13.0";
			developmentRegion = en;
			hasScannedForEncodings = 0;
			knownRegions = (
				en,
				Base,
			);
			mainGroup = B9C506E028C674C0009C1096;
			productRefGroup = B9C506EA28C674C0009C1096 /* Products */;
			projectDirPath = "";
			projectRoot = "";
			targets = (
				B9C506E828C674C0009C1096 /* SwiftCal */,
				B9D329E528CD02DA00856877 /* SwiftCalWidgetExtensionExtension */,
			);
		};
/* End PBXProject section */

/* Begin PBXResourcesBuildPhase section */
		B9C506E728C674C0009C1096 /* Resources */ = {
			isa = PBXResourcesBuildPhase;
			buildActionMask = 2147483647;
			files = (
				B9C506F428C674C2009C1096 /* Preview Assets.xcassets in Resources */,
				B9C506F128C674C2009C1096 /* Assets.xcassets in Resources */,
			);
			runOnlyForDeploymentPostprocessing = 0;
		};
		B9D329E428CD02DA00856877 /* Resources */ = {
			isa = PBXResourcesBuildPhase;
			buildActionMask = 2147483647;
			files = (
				B9D329F028CD02DC00856877 /* Assets.xcassets in Resources */,
			);
			runOnlyForDeploymentPostprocessing = 0;
		};
/* End PBXResourcesBuildPhase section */

/* Begin PBXSourcesBuildPhase section */
		B9C506E528C674C0009C1096 /* Sources */ = {
			isa = PBXSourcesBuildPhase;
			buildActionMask = 2147483647;
			files = (
				B9D329E128CCFAFC00856877 /* StreakView.swift in Sources */,
				B9C506F628C674C2009C1096 /* Persistence.swift in Sources */,
				B9D329FC28CDC34B00856877 /* CalendarHeaderView.swift in Sources */,
				B9C506EF28C674C0009C1096 /* CalendarView.swift in Sources */,
				B9C506F928C674C2009C1096 /* SwiftCal.xcdatamodeld in Sources */,
				B9C506ED28C674C0009C1096 /* SwiftCalApp.swift in Sources */,
				B9D329DF28CCE54A00856877 /* Date+Ext.swift in Sources */,
			);
			runOnlyForDeploymentPostprocessing = 0;
		};
		B9D329E228CD02DA00856877 /* Sources */ = {
			isa = PBXSourcesBuildPhase;
			buildActionMask = 2147483647;
			files = (
				B9D329EE28CD02DA00856877 /* SwiftCalWidgetExtension.swift in Sources */,
				B9D329FD28CDC39300856877 /* CalendarHeaderView.swift in Sources */,
				B9D329FE28CDC6B400856877 /* SwiftCal.xcdatamodeld in Sources */,
				B9D32A0028CDC7F500856877 /* Date+Ext.swift in Sources */,
				B9D32A0128CDC8A600856877 /* Persistence.swift in Sources */,
			);
			runOnlyForDeploymentPostprocessing = 0;
		};
/* End PBXSourcesBuildPhase section */

/* Begin PBXTargetDependency section */
		B9D329F328CD02DC00856877 /* PBXTargetDependency */ = {
			isa = PBXTargetDependency;
			target = B9D329E528CD02DA00856877 /* SwiftCalWidgetExtensionExtension */;
			targetProxy = B9D329F228CD02DC00856877 /* PBXContainerItemProxy */;
		};
/* End PBXTargetDependency section */

/* Begin XCBuildConfiguration section */
		B9C506FA28C674C2009C1096 /* Debug */ = {
			isa = XCBuildConfiguration;
			buildSettings = {
				ALWAYS_SEARCH_USER_PATHS = NO;
				CLANG_ANALYZER_NONNULL = YES;
				CLANG_ANALYZER_NUMBER_OBJECT_CONVERSION = YES_AGGRESSIVE;
				CLANG_CXX_LANGUAGE_STANDARD = "gnu++17";
				CLANG_ENABLE_MODULES = YES;
				CLANG_ENABLE_OBJC_ARC = YES;
				CLANG_ENABLE_OBJC_WEAK = YES;
				CLANG_WARN_BLOCK_CAPTURE_AUTORELEASING = YES;
				CLANG_WARN_BOOL_CONVERSION = YES;
				CLANG_WARN_COMMA = YES;
				CLANG_WARN_CONSTANT_CONVERSION = YES;
				CLANG_WARN_DEPRECATED_OBJC_IMPLEMENTATIONS = YES;
				CLANG_WARN_DIRECT_OBJC_ISA_USAGE = YES_ERROR;
				CLANG_WARN_DOCUMENTATION_COMMENTS = YES;
				CLANG_WARN_EMPTY_BODY = YES;
				CLANG_WARN_ENUM_CONVERSION = YES;
				CLANG_WARN_INFINITE_RECURSION = YES;
				CLANG_WARN_INT_CONVERSION = YES;
				CLANG_WARN_NON_LITERAL_NULL_CONVERSION = YES;
				CLANG_WARN_OBJC_IMPLICIT_RETAIN_SELF = YES;
				CLANG_WARN_OBJC_LITERAL_CONVERSION = YES;
				CLANG_WARN_OBJC_ROOT_CLASS = YES_ERROR;
				CLANG_WARN_QUOTED_INCLUDE_IN_FRAMEWORK_HEADER = YES;
				CLANG_WARN_RANGE_LOOP_ANALYSIS = YES;
				CLANG_WARN_STRICT_PROTOTYPES = YES;
				CLANG_WARN_SUSPICIOUS_MOVE = YES;
				CLANG_WARN_UNGUARDED_AVAILABILITY = YES_AGGRESSIVE;
				CLANG_WARN_UNREACHABLE_CODE = YES;
				CLANG_WARN__DUPLICATE_METHOD_MATCH = YES;
				COPY_PHASE_STRIP = NO;
				DEBUG_INFORMATION_FORMAT = dwarf;
				ENABLE_STRICT_OBJC_MSGSEND = YES;
				ENABLE_TESTABILITY = YES;
				GCC_C_LANGUAGE_STANDARD = gnu11;
				GCC_DYNAMIC_NO_PIC = NO;
				GCC_NO_COMMON_BLOCKS = YES;
				GCC_OPTIMIZATION_LEVEL = 0;
				GCC_PREPROCESSOR_DEFINITIONS = (
					"DEBUG=1",
					"$(inherited)",
				);
				GCC_WARN_64_TO_32_BIT_CONVERSION = YES;
				GCC_WARN_ABOUT_RETURN_TYPE = YES_ERROR;
				GCC_WARN_UNDECLARED_SELECTOR = YES;
				GCC_WARN_UNINITIALIZED_AUTOS = YES_AGGRESSIVE;
				GCC_WARN_UNUSED_FUNCTION = YES;
				GCC_WARN_UNUSED_VARIABLE = YES;
				IPHONEOS_DEPLOYMENT_TARGET = 16.1;
				MTL_ENABLE_DEBUG_INFO = INCLUDE_SOURCE;
				MTL_FAST_MATH = YES;
				ONLY_ACTIVE_ARCH = YES;
				SDKROOT = iphoneos;
				SWIFT_ACTIVE_COMPILATION_CONDITIONS = DEBUG;
				SWIFT_OPTIMIZATION_LEVEL = "-Onone";
			};
			name = Debug;
		};
		B9C506FB28C674C2009C1096 /* Release */ = {
			isa = XCBuildConfiguration;
			buildSettings = {
				ALWAYS_SEARCH_USER_PATHS = NO;
				CLANG_ANALYZER_NONNULL = YES;
				CLANG_ANALYZER_NUMBER_OBJECT_CONVERSION = YES_AGGRESSIVE;
				CLANG_CXX_LANGUAGE_STANDARD = "gnu++17";
				CLANG_ENABLE_MODULES = YES;
				CLANG_ENABLE_OBJC_ARC = YES;
				CLANG_ENABLE_OBJC_WEAK = YES;
				CLANG_WARN_BLOCK_CAPTURE_AUTORELEASING = YES;
				CLANG_WARN_BOOL_CONVERSION = YES;
				CLANG_WARN_COMMA = YES;
				CLANG_WARN_CONSTANT_CONVERSION = YES;
				CLANG_WARN_DEPRECATED_OBJC_IMPLEMENTATIONS = YES;
				CLANG_WARN_DIRECT_OBJC_ISA_USAGE = YES_ERROR;
				CLANG_WARN_DOCUMENTATION_COMMENTS = YES;
				CLANG_WARN_EMPTY_BODY = YES;
				CLANG_WARN_ENUM_CONVERSION = YES;
				CLANG_WARN_INFINITE_RECURSION = YES;
				CLANG_WARN_INT_CONVERSION = YES;
				CLANG_WARN_NON_LITERAL_NULL_CONVERSION = YES;
				CLANG_WARN_OBJC_IMPLICIT_RETAIN_SELF = YES;
				CLANG_WARN_OBJC_LITERAL_CONVERSION = YES;
				CLANG_WARN_OBJC_ROOT_CLASS = YES_ERROR;
				CLANG_WARN_QUOTED_INCLUDE_IN_FRAMEWORK_HEADER = YES;
				CLANG_WARN_RANGE_LOOP_ANALYSIS = YES;
				CLANG_WARN_STRICT_PROTOTYPES = YES;
				CLANG_WARN_SUSPICIOUS_MOVE = YES;
				CLANG_WARN_UNGUARDED_AVAILABILITY = YES_AGGRESSIVE;
				CLANG_WARN_UNREACHABLE_CODE = YES;
				CLANG_WARN__DUPLICATE_METHOD_MATCH = YES;
				COPY_PHASE_STRIP = NO;
				DEBUG_INFORMATION_FORMAT = "dwarf-with-dsym";
				ENABLE_NS_ASSERTIONS = NO;
				ENABLE_STRICT_OBJC_MSGSEND = YES;
				GCC_C_LANGUAGE_STANDARD = gnu11;
				GCC_NO_COMMON_BLOCKS = YES;
				GCC_WARN_64_TO_32_BIT_CONVERSION = YES;
				GCC_WARN_ABOUT_RETURN_TYPE = YES_ERROR;
				GCC_WARN_UNDECLARED_SELECTOR = YES;
				GCC_WARN_UNINITIALIZED_AUTOS = YES_AGGRESSIVE;
				GCC_WARN_UNUSED_FUNCTION = YES;
				GCC_WARN_UNUSED_VARIABLE = YES;
				IPHONEOS_DEPLOYMENT_TARGET = 16.1;
				MTL_ENABLE_DEBUG_INFO = NO;
				MTL_FAST_MATH = YES;
				SDKROOT = iphoneos;
				SWIFT_COMPILATION_MODE = wholemodule;
				SWIFT_OPTIMIZATION_LEVEL = "-O";
				VALIDATE_PRODUCT = YES;
			};
			name = Release;
		};
		B9C506FD28C674C2009C1096 /* Debug */ = {
			isa = XCBuildConfiguration;
			buildSettings = {
				ALWAYS_EMBED_SWIFT_STANDARD_LIBRARIES = YES;
				ASSETCATALOG_COMPILER_APPICON_NAME = AppIcon;
				ASSETCATALOG_COMPILER_GLOBAL_ACCENT_COLOR_NAME = AccentColor;
				CODE_SIGN_ENTITLEMENTS = SwiftCal/SwiftCal.entitlements;
				CODE_SIGN_STYLE = Automatic;
				CURRENT_PROJECT_VERSION = 1;
				DEVELOPMENT_ASSET_PATHS = "\"SwiftCal/Preview Content\"";
				DEVELOPMENT_TEAM = 8MD4CZRYZD;
				ENABLE_PREVIEWS = YES;
				GENERATE_INFOPLIST_FILE = YES;
				INFOPLIST_KEY_UIApplicationSceneManifest_Generation = YES;
				INFOPLIST_KEY_UIApplicationSupportsIndirectInputEvents = YES;
				INFOPLIST_KEY_UILaunchScreen_Generation = YES;
				INFOPLIST_KEY_UISupportedInterfaceOrientations_iPad = "UIInterfaceOrientationPortrait UIInterfaceOrientationPortraitUpsideDown UIInterfaceOrientationLandscapeLeft UIInterfaceOrientationLandscapeRight";
				INFOPLIST_KEY_UISupportedInterfaceOrientations_iPhone = "UIInterfaceOrientationPortrait UIInterfaceOrientationLandscapeLeft UIInterfaceOrientationLandscapeRight";
				IPHONEOS_DEPLOYMENT_TARGET = 16.1;
				LD_RUNPATH_SEARCH_PATHS = (
					"$(inherited)",
					"@executable_path/Frameworks",
				);
				MARKETING_VERSION = 1.0;
				PRODUCT_BUNDLE_IDENTIFIER = jschenkemeyer.demo.SwiftCal;
				PRODUCT_NAME = "$(TARGET_NAME)";
				SWIFT_EMIT_LOC_STRINGS = YES;
				SWIFT_VERSION = 5.0;
				TARGETED_DEVICE_FAMILY = "1,2";
			};
			name = Debug;
		};
		B9C506FE28C674C2009C1096 /* Release */ = {
			isa = XCBuildConfiguration;
			buildSettings = {
				ALWAYS_EMBED_SWIFT_STANDARD_LIBRARIES = YES;
				ASSETCATALOG_COMPILER_APPICON_NAME = AppIcon;
				ASSETCATALOG_COMPILER_GLOBAL_ACCENT_COLOR_NAME = AccentColor;
				CODE_SIGN_ENTITLEMENTS = SwiftCal/SwiftCal.entitlements;
				CODE_SIGN_STYLE = Automatic;
				CURRENT_PROJECT_VERSION = 1;
				DEVELOPMENT_ASSET_PATHS = "\"SwiftCal/Preview Content\"";
				DEVELOPMENT_TEAM = 8MD4CZRYZD;
				ENABLE_PREVIEWS = YES;
				GENERATE_INFOPLIST_FILE = YES;
				INFOPLIST_KEY_UIApplicationSceneManifest_Generation = YES;
				INFOPLIST_KEY_UIApplicationSupportsIndirectInputEvents = YES;
				INFOPLIST_KEY_UILaunchScreen_Generation = YES;
				INFOPLIST_KEY_UISupportedInterfaceOrientations_iPad = "UIInterfaceOrientationPortrait UIInterfaceOrientationPortraitUpsideDown UIInterfaceOrientationLandscapeLeft UIInterfaceOrientationLandscapeRight";
				INFOPLIST_KEY_UISupportedInterfaceOrientations_iPhone = "UIInterfaceOrientationPortrait UIInterfaceOrientationLandscapeLeft UIInterfaceOrientationLandscapeRight";
				IPHONEOS_DEPLOYMENT_TARGET = 16.1;
				LD_RUNPATH_SEARCH_PATHS = (
					"$(inherited)",
					"@executable_path/Frameworks",
				);
				MARKETING_VERSION = 1.0;
				PRODUCT_BUNDLE_IDENTIFIER = jschenkemeyer.demo.SwiftCal;
				PRODUCT_NAME = "$(TARGET_NAME)";
				SWIFT_EMIT_LOC_STRINGS = YES;
				SWIFT_VERSION = 5.0;
				TARGETED_DEVICE_FAMILY = "1,2";
			};
			name = Release;
		};
		B9D329F628CD02DC00856877 /* Debug */ = {
			isa = XCBuildConfiguration;
			buildSettings = {
				ASSETCATALOG_COMPILER_GLOBAL_ACCENT_COLOR_NAME = AccentColor;
				ASSETCATALOG_COMPILER_WIDGET_BACKGROUND_COLOR_NAME = WidgetBackground;
				CODE_SIGN_ENTITLEMENTS = SwiftCalWidgetExtensionExtension.entitlements;
				CODE_SIGN_STYLE = Automatic;
				CURRENT_PROJECT_VERSION = 1;
				DEVELOPMENT_TEAM = 8MD4CZRYZD;
				GENERATE_INFOPLIST_FILE = YES;
				INFOPLIST_FILE = SwiftCalWidgetExtension/Info.plist;
				INFOPLIST_KEY_CFBundleDisplayName = SwiftCalWidgetExtension;
				INFOPLIST_KEY_NSHumanReadableCopyright = "";
				LD_RUNPATH_SEARCH_PATHS = (
					"$(inherited)",
					"@executable_path/Frameworks",
					"@executable_path/../../Frameworks",
				);
				MARKETING_VERSION = 1.0;
				PRODUCT_BUNDLE_IDENTIFIER = jschenkemeyer.demo.SwiftCal.SwiftCalWidgetExtension;
				PRODUCT_NAME = "$(TARGET_NAME)";
				SKIP_INSTALL = YES;
				SWIFT_EMIT_LOC_STRINGS = YES;
				SWIFT_VERSION = 5.0;
				TARGETED_DEVICE_FAMILY = "1,2";
			};
			name = Debug;
		};
		B9D329F728CD02DC00856877 /* Release */ = {
			isa = XCBuildConfiguration;
			buildSettings = {
				ASSETCATALOG_COMPILER_GLOBAL_ACCENT_COLOR_NAME = AccentColor;
				ASSETCATALOG_COMPILER_WIDGET_BACKGROUND_COLOR_NAME = WidgetBackground;
				CODE_SIGN_ENTITLEMENTS = SwiftCalWidgetExtensionExtension.entitlements;
				CODE_SIGN_STYLE = Automatic;
				CURRENT_PROJECT_VERSION = 1;
				DEVELOPMENT_TEAM = 8MD4CZRYZD;
				GENERATE_INFOPLIST_FILE = YES;
				INFOPLIST_FILE = SwiftCalWidgetExtension/Info.plist;
				INFOPLIST_KEY_CFBundleDisplayName = SwiftCalWidgetExtension;
				INFOPLIST_KEY_NSHumanReadableCopyright = "";
				LD_RUNPATH_SEARCH_PATHS = (
					"$(inherited)",
					"@executable_path/Frameworks",
					"@executable_path/../../Frameworks",
				);
				MARKETING_VERSION = 1.0;
				PRODUCT_BUNDLE_IDENTIFIER = jschenkemeyer.demo.SwiftCal.SwiftCalWidgetExtension;
				PRODUCT_NAME = "$(TARGET_NAME)";
				SKIP_INSTALL = YES;
				SWIFT_EMIT_LOC_STRINGS = YES;
				SWIFT_VERSION = 5.0;
				TARGETED_DEVICE_FAMILY = "1,2";
			};
			name = Release;
		};
/* End XCBuildConfiguration section */

/* Begin XCConfigurationList section */
		B9C506E428C674C0009C1096 /* Build configuration list for PBXProject "SwiftCal" */ = {
			isa = XCConfigurationList;
			buildConfigurations = (
				B9C506FA28C674C2009C1096 /* Debug */,
				B9C506FB28C674C2009C1096 /* Release */,
			);
			defaultConfigurationIsVisible = 0;
			defaultConfigurationName = Release;
		};
		B9C506FC28C674C2009C1096 /* Build configuration list for PBXNativeTarget "SwiftCal" */ = {
			isa = XCConfigurationList;
			buildConfigurations = (
				B9C506FD28C674C2009C1096 /* Debug */,
				B9C506FE28C674C2009C1096 /* Release */,
			);
			defaultConfigurationIsVisible = 0;
			defaultConfigurationName = Release;
		};
		B9D329F528CD02DC00856877 /* Build configuration list for PBXNativeTarget "SwiftCalWidgetExtensionExtension" */ = {
			isa = XCConfigurationList;
			buildConfigurations = (
				B9D329F628CD02DC00856877 /* Debug */,
				B9D329F728CD02DC00856877 /* Release */,
			);
			defaultConfigurationIsVisible = 0;
			defaultConfigurationName = Release;
		};
/* End XCConfigurationList section */

/* Begin XCVersionGroup section */
		B9C506F728C674C2009C1096 /* SwiftCal.xcdatamodeld */ = {
			isa = XCVersionGroup;
			children = (
				B9C506F828C674C2009C1096 /* SwiftCal.xcdatamodel */,
			);
			currentVersion = B9C506F828C674C2009C1096 /* SwiftCal.xcdatamodel */;
			path = SwiftCal.xcdatamodeld;
			sourceTree = "<group>";
			versionGroupType = wrapper.xcdatamodel;
		};
/* End XCVersionGroup section */
	};
	rootObject = B9C506E128C674C0009C1096 /* Project object */;
}
